
Microsoft Visual Studio Solution File, Format Version 12.00
# Visual Studio Version 17
VisualStudioVersion = 17.14.36603.0 d17.14
MinimumVisualStudioVersion = 10.0.40219.1
Project("{54A90642-561A-4BB1-A94E-469ADEE60C69}") = "edutime.client", "edutime.client\edutime.client.esproj", "{8348FB8D-B2FF-56F0-B4EA-82908D18CEB8}"
EndProject
Project("{FAE04EC0-301F-11D3-BF4B-00C04F79EFBC}") = "EduTime.WebHost", "EduTime.Server\EduTime.WebHost.csproj", "{232761BA-4308-4D70-A14A-36DA0D3C5FA7}"
	ProjectSection(ProjectDependencies) = postProject
		{164249F3-B6AA-46C5-909C-3A97E9C966E7} = {164249F3-B6AA-46C5-909C-3A97E9C966E7}
		{1F5C902C-B817-4206-AB17-7F2474FD958F} = {1F5C902C-B817-4206-AB17-7F2474FD958F}
		{65216271-490F-4EC9-B5A3-25EDFAE1BEFC} = {65216271-490F-4EC9-B5A3-25EDFAE1BEFC}
		{B9E2CDCC-64AA-4839-8F6C-9057CEBC8A7F} = {B9E2CDCC-64AA-4839-8F6C-9057CEBC8A7F}
	EndProjectSection
EndProject
Project("{FAE04EC0-301F-11D3-BF4B-00C04F79EFBC}") = "EduTime.Domain", "EduTime.Domain\EduTime.Domain.csproj", "{FDBA41BC-203A-4FB8-B1EB-C4F7E1BAE992}"
EndProject
Project("{FAE04EC0-301F-11D3-BF4B-00C04F79EFBC}") = "EduTime.DTO", "EduTime.DTO\EduTime.DTO.csproj", "{1F5C902C-B817-4206-AB17-7F2474FD958F}"
	ProjectSection(ProjectDependencies) = postProject
		{FDBA41BC-203A-4FB8-B1EB-C4F7E1BAE992} = {FDBA41BC-203A-4FB8-B1EB-C4F7E1BAE992}
	EndProjectSection
EndProject
Project("{FAE04EC0-301F-11D3-BF4B-00C04F79EFBC}") = "EduTime.Persistency", "EduTime.Persistency\EduTime.Persistency.csproj", "{65216271-490F-4EC9-B5A3-25EDFAE1BEFC}"
	ProjectSection(ProjectDependencies) = postProject
		{FDBA41BC-203A-4FB8-B1EB-C4F7E1BAE992} = {FDBA41BC-203A-4FB8-B1EB-C4F7E1BAE992}
	EndProjectSection
EndProject
Project("{FAE04EC0-301F-11D3-BF4B-00C04F79EFBC}") = "EduTime.Repository", "EduTime.Repository\EduTime.Repository.csproj", "{164249F3-B6AA-46C5-909C-3A97E9C966E7}"
	ProjectSection(ProjectDependencies) = postProject
		{1F5C902C-B817-4206-AB17-7F2474FD958F} = {1F5C902C-B817-4206-AB17-7F2474FD958F}
		{65216271-490F-4EC9-B5A3-25EDFAE1BEFC} = {65216271-490F-4EC9-B5A3-25EDFAE1BEFC}
	EndProjectSection
EndProject
Project("{FAE04EC0-301F-11D3-BF4B-00C04F79EFBC}") = "EduTime.Service", "EduTime.Service\EduTime.Service.csproj", "{B9E2CDCC-64AA-4839-8F6C-9057CEBC8A7F}"
	ProjectSection(ProjectDependencies) = postProject
		{164249F3-B6AA-46C5-909C-3A97E9C966E7} = {164249F3-B6AA-46C5-909C-3A97E9C966E7}
		{1F5C902C-B817-4206-AB17-7F2474FD958F} = {1F5C902C-B817-4206-AB17-7F2474FD958F}
		{FDBA41BC-203A-4FB8-B1EB-C4F7E1BAE992} = {FDBA41BC-203A-4FB8-B1EB-C4F7E1BAE992}
	EndProjectSection
EndProject
Global
	GlobalSection(SolutionConfigurationPlatforms) = preSolution
		Debug|Any CPU = Debug|Any CPU
		Release|Any CPU = Release|Any CPU
	EndGlobalSection
	GlobalSection(ProjectConfigurationPlatforms) = postSolution
		{8348FB8D-B2FF-56F0-B4EA-82908D18CEB8}.Debug|Any CPU.ActiveCfg = Debug|Any CPU
		{8348FB8D-B2FF-56F0-B4EA-82908D18CEB8}.Debug|Any CPU.Build.0 = Debug|Any CPU
		{8348FB8D-B2FF-56F0-B4EA-82908D18CEB8}.Debug|Any CPU.Deploy.0 = Debug|Any CPU
		{8348FB8D-B2FF-56F0-B4EA-82908D18CEB8}.Release|Any CPU.ActiveCfg = Release|Any CPU
		{8348FB8D-B2FF-56F0-B4EA-82908D18CEB8}.Release|Any CPU.Build.0 = Release|Any CPU
		{8348FB8D-B2FF-56F0-B4EA-82908D18CEB8}.Release|Any CPU.Deploy.0 = Release|Any CPU
		{232761BA-4308-4D70-A14A-36DA0D3C5FA7}.Debug|Any CPU.ActiveCfg = Debug|Any CPU
		{232761BA-4308-4D70-A14A-36DA0D3C5FA7}.Debug|Any CPU.Build.0 = Debug|Any CPU
		{232761BA-4308-4D70-A14A-36DA0D3C5FA7}.Release|Any CPU.ActiveCfg = Release|Any CPU
		{232761BA-4308-4D70-A14A-36DA0D3C5FA7}.Release|Any CPU.Build.0 = Release|Any CPU
		{FDBA41BC-203A-4FB8-B1EB-C4F7E1BAE992}.Debug|Any CPU.ActiveCfg = Debug|Any CPU
		{FDBA41BC-203A-4FB8-B1EB-C4F7E1BAE992}.Debug|Any CPU.Build.0 = Debug|Any CPU
		{FDBA41BC-203A-4FB8-B1EB-C4F7E1BAE992}.Release|Any CPU.ActiveCfg = Release|Any CPU
		{FDBA41BC-203A-4FB8-B1EB-C4F7E1BAE992}.Release|Any CPU.Build.0 = Release|Any CPU
		{1F5C902C-B817-4206-AB17-7F2474FD958F}.Debug|Any CPU.ActiveCfg = Debug|Any CPU
		{1F5C902C-B817-4206-AB17-7F2474FD958F}.Debug|Any CPU.Build.0 = Debug|Any CPU
		{1F5C902C-B817-4206-AB17-7F2474FD958F}.Release|Any CPU.ActiveCfg = Release|Any CPU
		{1F5C902C-B817-4206-AB17-7F2474FD958F}.Release|Any CPU.Build.0 = Release|Any CPU
		{65216271-490F-4EC9-B5A3-25EDFAE1BEFC}.Debug|Any CPU.ActiveCfg = Debug|Any CPU
		{65216271-490F-4EC9-B5A3-25EDFAE1BEFC}.Debug|Any CPU.Build.0 = Debug|Any CPU
		{65216271-490F-4EC9-B5A3-25EDFAE1BEFC}.Release|Any CPU.ActiveCfg = Release|Any CPU
		{65216271-490F-4EC9-B5A3-25EDFAE1BEFC}.Release|Any CPU.Build.0 = Release|Any CPU
		{164249F3-B6AA-46C5-909C-3A97E9C966E7}.Debug|Any CPU.ActiveCfg = Debug|Any CPU
		{164249F3-B6AA-46C5-909C-3A97E9C966E7}.Debug|Any CPU.Build.0 = Debug|Any CPU
		{164249F3-B6AA-46C5-909C-3A97E9C966E7}.Release|Any CPU.ActiveCfg = Release|Any CPU
		{164249F3-B6AA-46C5-909C-3A97E9C966E7}.Release|Any CPU.Build.0 = Release|Any CPU
		{B9E2CDCC-64AA-4839-8F6C-9057CEBC8A7F}.Debug|Any CPU.ActiveCfg = Debug|Any CPU
		{B9E2CDCC-64AA-4839-8F6C-9057CEBC8A7F}.Debug|Any CPU.Build.0 = Debug|Any CPU
		{B9E2CDCC-64AA-4839-8F6C-9057CEBC8A7F}.Release|Any CPU.ActiveCfg = Release|Any CPU
		{B9E2CDCC-64AA-4839-8F6C-9057CEBC8A7F}.Release|Any CPU.Build.0 = Release|Any CPU
	EndGlobalSection
	GlobalSection(SolutionProperties) = preSolution
		HideSolutionNode = FALSE
	EndGlobalSection
	GlobalSection(ExtensibilityGlobals) = postSolution
		SolutionGuid = {3C31D4A0-4AD8-46E3-9788-3239DCE50594}
	EndGlobalSection
EndGlobal
